// !$*UTF8*$!
{
	archiveVersion = 1;
	classes = {
	};
	objectVersion = 56;
	objects = {

/* Begin PBXBuildFile section */
		92E2FB962C1C97ED00434745 /* PokeApiSwiftUIApp.swift in Sources */ = {isa = PBXBuildFile; fileRef = 92E2FB952C1C97ED00434745 /* PokeApiSwiftUIApp.swift */; };
		92E2FB982C1C97ED00434745 /* ContentView.swift in Sources */ = {isa = PBXBuildFile; fileRef = 92E2FB972C1C97ED00434745 /* ContentView.swift */; };
		92E2FB9A2C1C97EE00434745 /* Assets.xcassets in Resources */ = {isa = PBXBuildFile; fileRef = 92E2FB992C1C97EE00434745 /* Assets.xcassets */; };
		92E2FB9D2C1C97EE00434745 /* Preview Assets.xcassets in Resources */ = {isa = PBXBuildFile; fileRef = 92E2FB9C2C1C97EE00434745 /* Preview Assets.xcassets */; };
		92E2FBA82C1C988800434745 /* ViewModel.swift in Sources */ = {isa = PBXBuildFile; fileRef = 92E2FBA72C1C988800434745 /* ViewModel.swift */; };
		92E2FBAA2C1C98CB00434745 /* MainView.swift in Sources */ = {isa = PBXBuildFile; fileRef = 92E2FBA92C1C98CB00434745 /* MainView.swift */; };
		92E2FBAD2C1C992600434745 /* SDWebImageSwiftUI in Frameworks */ = {isa = PBXBuildFile; productRef = 92E2FBAC2C1C992600434745 /* SDWebImageSwiftUI */; };
		92E2FBB02C1C993100434745 /* Lottie in Frameworks */ = {isa = PBXBuildFile; productRef = 92E2FBAF2C1C993100434745 /* Lottie */; };
		92E2FBB22C1CAD9200434745 /* Network.swift in Sources */ = {isa = PBXBuildFile; fileRef = 92E2FBB12C1CAD9200434745 /* Network.swift */; };
/* End PBXBuildFile section */

/* Begin PBXFileReference section */
		92E2FB922C1C97ED00434745 /* PokeApiSwiftUI.app */ = {isa = PBXFileReference; explicitFileType = wrapper.application; includeInIndex = 0; path = PokeApiSwiftUI.app; sourceTree = BUILT_PRODUCTS_DIR; };
		92E2FB952C1C97ED00434745 /* PokeApiSwiftUIApp.swift */ = {isa = PBXFileReference; lastKnownFileType = sourcecode.swift; path = PokeApiSwiftUIApp.swift; sourceTree = "<group>"; };
		92E2FB972C1C97ED00434745 /* ContentView.swift */ = {isa = PBXFileReference; lastKnownFileType = sourcecode.swift; path = ContentView.swift; sourceTree = "<group>"; };
		92E2FB992C1C97EE00434745 /* Assets.xcassets */ = {isa = PBXFileReference; lastKnownFileType = folder.assetcatalog; path = Assets.xcassets; sourceTree = "<group>"; };
		92E2FB9C2C1C97EE00434745 /* Preview Assets.xcassets */ = {isa = PBXFileReference; lastKnownFileType = folder.assetcatalog; path = "Preview Assets.xcassets"; sourceTree = "<group>"; };
		92E2FBA72C1C988800434745 /* ViewModel.swift */ = {isa = PBXFileReference; lastKnownFileType = sourcecode.swift; path = ViewModel.swift; sourceTree = "<group>"; };
		92E2FBA92C1C98CB00434745 /* MainView.swift */ = {isa = PBXFileReference; lastKnownFileType = sourcecode.swift; path = MainView.swift; sourceTree = "<group>"; };
		92E2FBB12C1CAD9200434745 /* Network.swift */ = {isa = PBXFileReference; lastKnownFileType = sourcecode.swift; path = Network.swift; sourceTree = "<group>"; };
/* End PBXFileReference section */

/* Begin PBXFrameworksBuildPhase section */
		92E2FB8F2C1C97ED00434745 /* Frameworks */ = {
			isa = PBXFrameworksBuildPhase;
			buildActionMask = 2147483647;
			files = (
				92E2FBAD2C1C992600434745 /* SDWebImageSwiftUI in Frameworks */,
				92E2FBB02C1C993100434745 /* Lottie in Frameworks */,
			);
			runOnlyForDeploymentPostprocessing = 0;
		};
/* End PBXFrameworksBuildPhase section */

/* Begin PBXGroup section */
		92E2FB892C1C97ED00434745 = {
			isa = PBXGroup;
			children = (
				92E2FB942C1C97ED00434745 /* PokeApiSwiftUI */,
				92E2FB932C1C97ED00434745 /* Products */,
			);
			sourceTree = "<group>";
		};
		92E2FB932C1C97ED00434745 /* Products */ = {
			isa = PBXGroup;
			children = (
				92E2FB922C1C97ED00434745 /* PokeApiSwiftUI.app */,
			);
			name = Products;
			sourceTree = "<group>";
		};
		92E2FB942C1C97ED00434745 /* PokeApiSwiftUI */ = {
			isa = PBXGroup;
			children = (
				92E2FBA52C1C982000434745 /* ViewModel */,
				92E2FBA42C1C981A00434745 /* Core */,
				92E2FBA32C1C97F800434745 /* App */,
				92E2FB972C1C97ED00434745 /* ContentView.swift */,
				92E2FB992C1C97EE00434745 /* Assets.xcassets */,
				92E2FB9B2C1C97EE00434745 /* Preview Content */,
			);
			path = PokeApiSwiftUI;
			sourceTree = "<group>";
		};
		92E2FB9B2C1C97EE00434745 /* Preview Content */ = {
			isa = PBXGroup;
			children = (
				92E2FB9C2C1C97EE00434745 /* Preview Assets.xcassets */,
			);
			path = "Preview Content";
			sourceTree = "<group>";
		};
		92E2FBA32C1C97F800434745 /* App */ = {
			isa = PBXGroup;
			children = (
				92E2FB952C1C97ED00434745 /* PokeApiSwiftUIApp.swift */,
			);
			path = App;
			sourceTree = "<group>";
		};
		92E2FBA42C1C981A00434745 /* Core */ = {
			isa = PBXGroup;
			children = (
				92E2FBA92C1C98CB00434745 /* MainView.swift */,
			);
			path = Core;
			sourceTree = "<group>";
		};
		92E2FBA52C1C982000434745 /* ViewModel */ = {
			isa = PBXGroup;
			children = (
				92E2FBA72C1C988800434745 /* ViewModel.swift */,
				92E2FBB12C1CAD9200434745 /* Network.swift */,
			);
			path = ViewModel;
			sourceTree = "<group>";
		};
/* End PBXGroup section */

/* Begin PBXNativeTarget section */
		92E2FB912C1C97ED00434745 /* PokeApiSwiftUI */ = {
			isa = PBXNativeTarget;
			buildConfigurationList = 92E2FBA02C1C97EE00434745 /* Build configuration list for PBXNativeTarget "PokeApiSwiftUI" */;
			buildPhases = (
				92E2FB8E2C1C97ED00434745 /* Sources */,
				92E2FB8F2C1C97ED00434745 /* Frameworks */,
				92E2FB902C1C97ED00434745 /* Resources */,
			);
			buildRules = (
			);
			dependencies = (
			);
			name = PokeApiSwiftUI;
			packageProductDependencies = (
				92E2FBAC2C1C992600434745 /* SDWebImageSwiftUI */,
				92E2FBAF2C1C993100434745 /* Lottie */,
			);
			productName = PokeApiSwiftUI;
			productReference = 92E2FB922C1C97ED00434745 /* PokeApiSwiftUI.app */;
			productType = "com.apple.product-type.application";
		};
/* End PBXNativeTarget section */

/* Begin PBXProject section */
		92E2FB8A2C1C97ED00434745 /* Project object */ = {
			isa = PBXProject;
			attributes = {
				BuildIndependentTargetsInParallel = 1;
				LastSwiftUpdateCheck = 1530;
				LastUpgradeCheck = 1530;
				TargetAttributes = {
					92E2FB912C1C97ED00434745 = {
						CreatedOnToolsVersion = 15.3;
					};
				};
			};
			buildConfigurationList = 92E2FB8D2C1C97ED00434745 /* Build configuration list for PBXProject "PokeApiSwiftUI" */;
			compatibilityVersion = "Xcode 14.0";
			developmentRegion = en;
			hasScannedForEncodings = 0;
			knownRegions = (
				en,
				Base,
			);
			mainGroup = 92E2FB892C1C97ED00434745;
			packageReferences = (
				92E2FBAB2C1C992600434745 /* XCRemoteSwiftPackageReference "SDWebImageSwiftUI" */,
				92E2FBAE2C1C993100434745 /* XCRemoteSwiftPackageReference "lottie-ios" */,
			);
			productRefGroup = 92E2FB932C1C97ED00434745 /* Products */;
			projectDirPath = "";
			projectRoot = "";
			targets = (
				92E2FB912C1C97ED00434745 /* PokeApiSwiftUI */,
			);
		};
/* End PBXProject section */

/* Begin PBXResourcesBuildPhase section */
		92E2FB902C1C97ED00434745 /* Resources */ = {
			isa = PBXResourcesBuildPhase;
			buildActionMask = 2147483647;
			files = (
				92E2FB9D2C1C97EE00434745 /* Preview Assets.xcassets in Resources */,
				92E2FB9A2C1C97EE00434745 /* Assets.xcassets in Resources */,
			);
			runOnlyForDeploymentPostprocessing = 0;
		};
/* End PBXResourcesBuildPhase section */

/* Begin PBXSourcesBuildPhase section */
		92E2FB8E2C1C97ED00434745 /* Sources */ = {
			isa = PBXSourcesBuildPhase;
			buildActionMask = 2147483647;
			files = (
				92E2FBB22C1CAD9200434745 /* Network.swift in Sources */,
				92E2FB982C1C97ED00434745 /* ContentView.swift in Sources */,
				92E2FBAA2C1C98CB00434745 /* MainView.swift in Sources */,
				92E2FBA82C1C988800434745 /* ViewModel.swift in Sources */,
				92E2FB962C1C97ED00434745 /* PokeApiSwiftUIApp.swift in Sources */,
			);
			runOnlyForDeploymentPostprocessing = 0;
		};
/* End PBXSourcesBuildPhase section */

/* Begin XCBuildConfiguration section */
		92E2FB9E2C1C97EE00434745 /* Debug */ = {
			isa = XCBuildConfiguration;
			buildSettings = {
				ALWAYS_SEARCH_USER_PATHS = NO;
				ASSETCATALOG_COMPILER_GENERATE_SWIFT_ASSET_SYMBOL_EXTENSIONS = YES;
				CLANG_ANALYZER_NONNULL = YES;
				CLANG_ANALYZER_NUMBER_OBJECT_CONVERSION = YES_AGGRESSIVE;
				CLANG_CXX_LANGUAGE_STANDARD = "gnu++20";
				CLANG_ENABLE_MODULES = YES;
				CLANG_ENABLE_OBJC_ARC = YES;
				CLANG_ENABLE_OBJC_WEAK = YES;
				CLANG_WARN_BLOCK_CAPTURE_AUTORELEASING = YES;
				CLANG_WARN_BOOL_CONVERSION = YES;
				CLANG_WARN_COMMA = YES;
				CLANG_WARN_CONSTANT_CONVERSION = YES;
				CLANG_WARN_DEPRECATED_OBJC_IMPLEMENTATIONS = YES;
				CLANG_WARN_DIRECT_OBJC_ISA_USAGE = YES_ERROR;
				CLANG_WARN_DOCUMENTATION_COMMENTS = YES;
				CLANG_WARN_EMPTY_BODY = YES;
				CLANG_WARN_ENUM_CONVERSION = YES;
				CLANG_WARN_INFINITE_RECURSION = YES;
				CLANG_WARN_INT_CONVERSION = YES;
				CLANG_WARN_NON_LITERAL_NULL_CONVERSION = YES;
				CLANG_WARN_OBJC_IMPLICIT_RETAIN_SELF = YES;
				CLANG_WARN_OBJC_LITERAL_CONVERSION = YES;
				CLANG_WARN_OBJC_ROOT_CLASS = YES_ERROR;
				CLANG_WARN_QUOTED_INCLUDE_IN_FRAMEWORK_HEADER = YES;
				CLANG_WARN_RANGE_LOOP_ANALYSIS = YES;
				CLANG_WARN_STRICT_PROTOTYPES = YES;
				CLANG_WARN_SUSPICIOUS_MOVE = YES;
				CLANG_WARN_UNGUARDED_AVAILABILITY = YES_AGGRESSIVE;
				CLANG_WARN_UNREACHABLE_CODE = YES;
				CLANG_WARN__DUPLICATE_METHOD_MATCH = YES;
				COPY_PHASE_STRIP = NO;
				DEBUG_INFORMATION_FORMAT = dwarf;
				ENABLE_STRICT_OBJC_MSGSEND = YES;
				ENABLE_TESTABILITY = YES;
				ENABLE_USER_SCRIPT_SANDBOXING = YES;
				GCC_C_LANGUAGE_STANDARD = gnu17;
				GCC_DYNAMIC_NO_PIC = NO;
				GCC_NO_COMMON_BLOCKS = YES;
				GCC_OPTIMIZATION_LEVEL = 0;
				GCC_PREPROCESSOR_DEFINITIONS = (
					"DEBUG=1",
					"$(inherited)",
				);
				GCC_WARN_64_TO_32_BIT_CONVERSION = YES;
				GCC_WARN_ABOUT_RETURN_TYPE = YES_ERROR;
				GCC_WARN_UNDECLARED_SELECTOR = YES;
				GCC_WARN_UNINITIALIZED_AUTOS = YES_AGGRESSIVE;
				GCC_WARN_UNUSED_FUNCTION = YES;
				GCC_WARN_UNUSED_VARIABLE = YES;
				IPHONEOS_DEPLOYMENT_TARGET = 17.4;
				LOCALIZATION_PREFERS_STRING_CATALOGS = YES;
				MTL_ENABLE_DEBUG_INFO = INCLUDE_SOURCE;
				MTL_FAST_MATH = YES;
				ONLY_ACTIVE_ARCH = YES;
				SDKROOT = iphoneos;
				SWIFT_ACTIVE_COMPILATION_CONDITIONS = "DEBUG $(inherited)";
				SWIFT_OPTIMIZATION_LEVEL = "-Onone";
			};
			name = Debug;
		};
		92E2FB9F2C1C97EE00434745 /* Release */ = {
			isa = XCBuildConfiguration;
			buildSettings = {
				ALWAYS_SEARCH_USER_PATHS = NO;
				ASSETCATALOG_COMPILER_GENERATE_SWIFT_ASSET_SYMBOL_EXTENSIONS = YES;
				CLANG_ANALYZER_NONNULL = YES;
				CLANG_ANALYZER_NUMBER_OBJECT_CONVERSION = YES_AGGRESSIVE;
				CLANG_CXX_LANGUAGE_STANDARD = "gnu++20";
				CLANG_ENABLE_MODULES = YES;
				CLANG_ENABLE_OBJC_ARC = YES;
				CLANG_ENABLE_OBJC_WEAK = YES;
				CLANG_WARN_BLOCK_CAPTURE_AUTORELEASING = YES;
				CLANG_WARN_BOOL_CONVERSION = YES;
				CLANG_WARN_COMMA = YES;
				CLANG_WARN_CONSTANT_CONVERSION = YES;
				CLANG_WARN_DEPRECATED_OBJC_IMPLEMENTATIONS = YES;
				CLANG_WARN_DIRECT_OBJC_ISA_USAGE = YES_ERROR;
				CLANG_WARN_DOCUMENTATION_COMMENTS = YES;
				CLANG_WARN_EMPTY_BODY = YES;
				CLANG_WARN_ENUM_CONVERSION = YES;
				CLANG_WARN_INFINITE_RECURSION = YES;
				CLANG_WARN_INT_CONVERSION = YES;
				CLANG_WARN_NON_LITERAL_NULL_CONVERSION = YES;
				CLANG_WARN_OBJC_IMPLICIT_RETAIN_SELF = YES;
				CLANG_WARN_OBJC_LITERAL_CONVERSION = YES;
				CLANG_WARN_OBJC_ROOT_CLASS = YES_ERROR;
				CLANG_WARN_QUOTED_INCLUDE_IN_FRAMEWORK_HEADER = YES;
				CLANG_WARN_RANGE_LOOP_ANALYSIS = YES;
				CLANG_WARN_STRICT_PROTOTYPES = YES;
				CLANG_WARN_SUSPICIOUS_MOVE = YES;
				CLANG_WARN_UNGUARDED_AVAILABILITY = YES_AGGRESSIVE;
				CLANG_WARN_UNREACHABLE_CODE = YES;
				CLANG_WARN__DUPLICATE_METHOD_MATCH = YES;
				COPY_PHASE_STRIP = NO;
				DEBUG_INFORMATION_FORMAT = "dwarf-with-dsym";
				ENABLE_NS_ASSERTIONS = NO;
				ENABLE_STRICT_OBJC_MSGSEND = YES;
				ENABLE_USER_SCRIPT_SANDBOXING = YES;
				GCC_C_LANGUAGE_STANDARD = gnu17;
				GCC_NO_COMMON_BLOCKS = YES;
				GCC_WARN_64_TO_32_BIT_CONVERSION = YES;
				GCC_WARN_ABOUT_RETURN_TYPE = YES_ERROR;
				GCC_WARN_UNDECLARED_SELECTOR = YES;
				GCC_WARN_UNINITIALIZED_AUTOS = YES_AGGRESSIVE;
				GCC_WARN_UNUSED_FUNCTION = YES;
				GCC_WARN_UNUSED_VARIABLE = YES;
				IPHONEOS_DEPLOYMENT_TARGET = 17.4;
				LOCALIZATION_PREFERS_STRING_CATALOGS = YES;
				MTL_ENABLE_DEBUG_INFO = NO;
				MTL_FAST_MATH = YES;
				SDKROOT = iphoneos;
				SWIFT_COMPILATION_MODE = wholemodule;
				VALIDATE_PRODUCT = YES;
			};
			name = Release;
		};
		92E2FBA12C1C97EE00434745 /* Debug */ = {
			isa = XCBuildConfiguration;
			buildSettings = {
				ASSETCATALOG_COMPILER_APPICON_NAME = AppIcon;
				ASSETCATALOG_COMPILER_GLOBAL_ACCENT_COLOR_NAME = AccentColor;
				CODE_SIGN_STYLE = Automatic;
				CURRENT_PROJECT_VERSION = 1;
				DEVELOPMENT_ASSET_PATHS = "\"PokeApiSwiftUI/Preview Content\"";
				ENABLE_PREVIEWS = YES;
				GENERATE_INFOPLIST_FILE = YES;
				INFOPLIST_KEY_UIApplicationSceneManifest_Generation = YES;
				INFOPLIST_KEY_UIApplicationSupportsIndirectInputEvents = YES;
				INFOPLIST_KEY_UILaunchScreen_Generation = YES;
				INFOPLIST_KEY_UISupportedInterfaceOrientations_iPad = "UIInterfaceOrientationPortrait UIInterfaceOrientationPortraitUpsideDown UIInterfaceOrientationLandscapeLeft UIInterfaceOrientationLandscapeRight";
				INFOPLIST_KEY_UISupportedInterfaceOrientations_iPhone = "UIInterfaceOrientationPortrait UIInterfaceOrientationLandscapeLeft UIInterfaceOrientationLandscapeRight";
				LD_RUNPATH_SEARCH_PATHS = (
					"$(inherited)",
					"@executable_path/Frameworks",
				);
				MARKETING_VERSION = 1.0;
				PRODUCT_BUNDLE_IDENTIFIER = com.ricardo.PokeApiSwiftUI;
				PRODUCT_NAME = "$(TARGET_NAME)";
				SWIFT_EMIT_LOC_STRINGS = YES;
				SWIFT_VERSION = 5.0;
				TARGETED_DEVICE_FAMILY = "1,2";
			};
			name = Debug;
		};
		92E2FBA22C1C97EE00434745 /* Release */ = {
			isa = XCBuildConfiguration;
			buildSettings = {
				ASSETCATALOG_COMPILER_APPICON_NAME = AppIcon;
				ASSETCATALOG_COMPILER_GLOBAL_ACCENT_COLOR_NAME = AccentColor;
				CODE_SIGN_STYLE = Automatic;
				CURRENT_PROJECT_VERSION = 1;
				DEVELOPMENT_ASSET_PATHS = "\"PokeApiSwiftUI/Preview Content\"";
				ENABLE_PREVIEWS = YES;
				GENERATE_INFOPLIST_FILE = YES;
				INFOPLIST_KEY_UIApplicationSceneManifest_Generation = YES;
				INFOPLIST_KEY_UIApplicationSupportsIndirectInputEvents = YES;
				INFOPLIST_KEY_UILaunchScreen_Generation = YES;
				INFOPLIST_KEY_UISupportedInterfaceOrientations_iPad = "UIInterfaceOrientationPortrait UIInterfaceOrientationPortraitUpsideDown UIInterfaceOrientationLandscapeLeft UIInterfaceOrientationLandscapeRight";
				INFOPLIST_KEY_UISupportedInterfaceOrientations_iPhone = "UIInterfaceOrientationPortrait UIInterfaceOrientationLandscapeLeft UIInterfaceOrientationLandscapeRight";
				LD_RUNPATH_SEARCH_PATHS = (
					"$(inherited)",
					"@executable_path/Frameworks",
				);
				MARKETING_VERSION = 1.0;
				PRODUCT_BUNDLE_IDENTIFIER = com.ricardo.PokeApiSwiftUI;
				PRODUCT_NAME = "$(TARGET_NAME)";
				SWIFT_EMIT_LOC_STRINGS = YES;
				SWIFT_VERSION = 5.0;
				TARGETED_DEVICE_FAMILY = "1,2";
			};
			name = Release;
		};
/* End XCBuildConfiguration section */

/* Begin XCConfigurationList section */
		92E2FB8D2C1C97ED00434745 /* Build configuration list for PBXProject "PokeApiSwiftUI" */ = {
			isa = XCConfigurationList;
			buildConfigurations = (
				92E2FB9E2C1C97EE00434745 /* Debug */,
				92E2FB9F2C1C97EE00434745 /* Release */,
			);
			defaultConfigurationIsVisible = 0;
			defaultConfigurationName = Release;
		};
		92E2FBA02C1C97EE00434745 /* Build configuration list for PBXNativeTarget "PokeApiSwiftUI" */ = {
			isa = XCConfigurationList;
			buildConfigurations = (
				92E2FBA12C1C97EE00434745 /* Debug */,
				92E2FBA22C1C97EE00434745 /* Release */,
			);
			defaultConfigurationIsVisible = 0;
			defaultConfigurationName = Release;
		};
/* End XCConfigurationList section */

/* Begin XCRemoteSwiftPackageReference section */
		92E2FBAB2C1C992600434745 /* XCRemoteSwiftPackageReference "SDWebImageSwiftUI" */ = {
			isa = XCRemoteSwiftPackageReference;
			repositoryURL = "https://github.com/SDWebImage/SDWebImageSwiftUI";
			requirement = {
				kind = upToNextMajorVersion;
				minimumVersion = 3.0.4;
			};
		};
		92E2FBAE2C1C993100434745 /* XCRemoteSwiftPackageReference "lottie-ios" */ = {
			isa = XCRemoteSwiftPackageReference;
			repositoryURL = "https://github.com/airbnb/lottie-ios";
			requirement = {
				kind = upToNextMajorVersion;
				minimumVersion = 4.4.3;
			};
		};
/* End XCRemoteSwiftPackageReference section */

/* Begin XCSwiftPackageProductDependency section */
		92E2FBAC2C1C992600434745 /* SDWebImageSwiftUI */ = {
			isa = XCSwiftPackageProductDependency;
			package = 92E2FBAB2C1C992600434745 /* XCRemoteSwiftPackageReference "SDWebImageSwiftUI" */;
			productName = SDWebImageSwiftUI;
		};
		92E2FBAF2C1C993100434745 /* Lottie */ = {
			isa = XCSwiftPackageProductDependency;
			package = 92E2FBAE2C1C993100434745 /* XCRemoteSwiftPackageReference "lottie-ios" */;
			productName = Lottie;
		};
/* End XCSwiftPackageProductDependency section */
	};
	rootObject = 92E2FB8A2C1C97ED00434745 /* Project object */;
}
